
Microsoft Visual Studio Solution File, Format Version 12.00
# Visual Studio 15
Project("{FAE04EC0-301F-11D3-BF4B-00C04F79EFBC}") = "Assembly-CSharp", "Assembly-CSharp.csproj", "{E380C32D-F625-BD6F-233E-93F70C672BEA}"
EndProject
Project("{FAE04EC0-301F-11D3-BF4B-00C04F79EFBC}") = "Assembly-CSharp-Editor", "Assembly-CSharp-Editor.csproj", "{EC259B83-6D88-415B-7774-EF3BAE751510}"
EndProject
Global
	GlobalSection(SolutionConfigurationPlatforms) = preSolution
		Debug|Any CPU = Debug|Any CPU
		Release|Any CPU = Release|Any CPU
	EndGlobalSection
	GlobalSection(ProjectConfigurationPlatforms) = postSolution
		{E380C32D-F625-BD6F-233E-93F70C672BEA}.Debug|Any CPU.ActiveCfg = Debug|Any CPU
		{E380C32D-F625-BD6F-233E-93F70C672BEA}.Debug|Any CPU.Build.0 = Debug|Any CPU
		{E380C32D-F625-BD6F-233E-93F70C672BEA}.Release|Any CPU.ActiveCfg = Release|Any CPU
		{E380C32D-F625-BD6F-233E-93F70C672BEA}.Release|Any CPU.Build.0 = Release|Any CPU
		{EC259B83-6D88-415B-7774-EF3BAE751510}.Debug|Any CPU.ActiveCfg = Debug|Any CPU
		{EC259B83-6D88-415B-7774-EF3BAE751510}.Debug|Any CPU.Build.0 = Debug|Any CPU
		{EC259B83-6D88-415B-7774-EF3BAE751510}.Release|Any CPU.ActiveCfg = Release|Any CPU
		{EC259B83-6D88-415B-7774-EF3BAE751510}.Release|Any CPU.Build.0 = Release|Any CPU
	EndGlobalSection
	GlobalSection(SolutionProperties) = preSolution
		HideSolutionNode = FALSE
	EndGlobalSection
EndGlobal
